// !$*UTF8*$!
{
	archiveVersion = 1;
	classes = {
	};
	objectVersion = 50;
	objects = {

/* Begin PBXBuildFile section */
		140145662428A91B0006BE76 /* AppDelegate.swift in Sources */ = {isa = PBXBuildFile; fileRef = 140145652428A91B0006BE76 /* AppDelegate.swift */; };
		1401456B2428A91B0006BE76 /* Main.storyboard in Resources */ = {isa = PBXBuildFile; fileRef = 140145692428A91B0006BE76 /* Main.storyboard */; };
		1401456D2428A91D0006BE76 /* Assets.xcassets in Resources */ = {isa = PBXBuildFile; fileRef = 1401456C2428A91D0006BE76 /* Assets.xcassets */; };
		140145702428A91D0006BE76 /* LaunchScreen.storyboard in Resources */ = {isa = PBXBuildFile; fileRef = 1401456E2428A91D0006BE76 /* LaunchScreen.storyboard */; };
		140145782428AD9B0006BE76 /* LoginScreenViewController.swift in Sources */ = {isa = PBXBuildFile; fileRef = 140145772428AD9B0006BE76 /* LoginScreenViewController.swift */; };
		1401457A2428AEDD0006BE76 /* WelcomeScreen.swift in Sources */ = {isa = PBXBuildFile; fileRef = 140145792428AEDD0006BE76 /* WelcomeScreen.swift */; };
		1401457C2428AF020006BE76 /* User.swift in Sources */ = {isa = PBXBuildFile; fileRef = 1401457B2428AF020006BE76 /* User.swift */; };
/* End PBXBuildFile section */

/* Begin PBXFileReference section */
		140145622428A91B0006BE76 /* Segue-Sending Data.app */ = {isa = PBXFileReference; explicitFileType = wrapper.application; includeInIndex = 0; path = "Segue-Sending Data.app"; sourceTree = BUILT_PRODUCTS_DIR; };
		140145652428A91B0006BE76 /* AppDelegate.swift */ = {isa = PBXFileReference; lastKnownFileType = sourcecode.swift; path = AppDelegate.swift; sourceTree = "<group>"; };
		1401456A2428A91B0006BE76 /* Base */ = {isa = PBXFileReference; lastKnownFileType = file.storyboard; name = Base; path = Base.lproj/Main.storyboard; sourceTree = "<group>"; };
		1401456C2428A91D0006BE76 /* Assets.xcassets */ = {isa = PBXFileReference; lastKnownFileType = folder.assetcatalog; path = Assets.xcassets; sourceTree = "<group>"; };
		1401456F2428A91D0006BE76 /* Base */ = {isa = PBXFileReference; lastKnownFileType = file.storyboard; name = Base; path = Base.lproj/LaunchScreen.storyboard; sourceTree = "<group>"; };
		140145712428A91D0006BE76 /* Info.plist */ = {isa = PBXFileReference; lastKnownFileType = text.plist.xml; path = Info.plist; sourceTree = "<group>"; };
		140145772428AD9B0006BE76 /* LoginScreenViewController.swift */ = {isa = PBXFileReference; lastKnownFileType = sourcecode.swift; path = LoginScreenViewController.swift; sourceTree = "<group>"; };
		140145792428AEDD0006BE76 /* WelcomeScreen.swift */ = {isa = PBXFileReference; lastKnownFileType = sourcecode.swift; path = WelcomeScreen.swift; sourceTree = "<group>"; };
		1401457B2428AF020006BE76 /* User.swift */ = {isa = PBXFileReference; lastKnownFileType = sourcecode.swift; path = User.swift; sourceTree = "<group>"; };
/* End PBXFileReference section */

/* Begin PBXFrameworksBuildPhase section */
		1401455F2428A91B0006BE76 /* Frameworks */ = {
			isa = PBXFrameworksBuildPhase;
			buildActionMask = 2147483647;
			files = (
			);
			runOnlyForDeploymentPostprocessing = 0;
		};
/* End PBXFrameworksBuildPhase section */

/* Begin PBXGroup section */
		140145592428A91B0006BE76 = {
			isa = PBXGroup;
			children = (
				140145642428A91B0006BE76 /* Segue-Sending Data */,
				140145632428A91B0006BE76 /* Products */,
			);
			sourceTree = "<group>";
		};
		140145632428A91B0006BE76 /* Products */ = {
			isa = PBXGroup;
			children = (
				140145622428A91B0006BE76 /* Segue-Sending Data.app */,
			);
			name = Products;
			sourceTree = "<group>";
		};
		140145642428A91B0006BE76 /* Segue-Sending Data */ = {
			isa = PBXGroup;
			children = (
				140145652428A91B0006BE76 /* AppDelegate.swift */,
				140145692428A91B0006BE76 /* Main.storyboard */,
				1401456C2428A91D0006BE76 /* Assets.xcassets */,
				1401456E2428A91D0006BE76 /* LaunchScreen.storyboard */,
				140145712428A91D0006BE76 /* Info.plist */,
				140145772428AD9B0006BE76 /* LoginScreenViewController.swift */,
				140145792428AEDD0006BE76 /* WelcomeScreen.swift */,
				1401457B2428AF020006BE76 /* User.swift */,
			);
			path = "Segue-Sending Data";
			sourceTree = "<group>";
		};
/* End PBXGroup section */

/* Begin PBXNativeTarget section */
		140145612428A91B0006BE76 /* Segue-Sending Data */ = {
			isa = PBXNativeTarget;
			buildConfigurationList = 140145742428A91D0006BE76 /* Build configuration list for PBXNativeTarget "Segue-Sending Data" */;
			buildPhases = (
				1401455E2428A91B0006BE76 /* Sources */,
				1401455F2428A91B0006BE76 /* Frameworks */,
				140145602428A91B0006BE76 /* Resources */,
			);
			buildRules = (
			);
			dependencies = (
			);
			name = "Segue-Sending Data";
			productName = "Segue-Sending Data";
			productReference = 140145622428A91B0006BE76 /* Segue-Sending Data.app */;
			productType = "com.apple.product-type.application";
		};
/* End PBXNativeTarget section */

/* Begin PBXProject section */
		1401455A2428A91B0006BE76 /* Project object */ = {
			isa = PBXProject;
			attributes = {
				LastSwiftUpdateCheck = 1030;
				LastUpgradeCheck = 1030;
				ORGANIZATIONNAME = "Rohit ";
				TargetAttributes = {
					140145612428A91B0006BE76 = {
						CreatedOnToolsVersion = 10.3;
					};
				};
			};
			buildConfigurationList = 1401455D2428A91B0006BE76 /* Build configuration list for PBXProject "Segue-Sending Data" */;
			compatibilityVersion = "Xcode 9.3";
			developmentRegion = en;
			hasScannedForEncodings = 0;
			knownRegions = (
				en,
				Base,
			);
			mainGroup = 140145592428A91B0006BE76;
			productRefGroup = 140145632428A91B0006BE76 /* Products */;
			projectDirPath = "";
			projectRoot = "";
			targets = (
				140145612428A91B0006BE76 /* Segue-Sending Data */,
			);
		};
/* End PBXProject section */

/* Begin PBXResourcesBuildPhase section */
		140145602428A91B0006BE76 /* Resources */ = {
			isa = PBXResourcesBuildPhase;
			buildActionMask = 2147483647;
			files = (
				140145702428A91D0006BE76 /* LaunchScreen.storyboard in Resources */,
				1401456D2428A91D0006BE76 /* Assets.xcassets in Resources */,
				1401456B2428A91B0006BE76 /* Main.storyboard in Resources */,
			);
			runOnlyForDeploymentPostprocessing = 0;
		};
/* End PBXResourcesBuildPhase section */

/* Begin PBXSourcesBuildPhase section */
		1401455E2428A91B0006BE76 /* Sources */ = {
			isa = PBXSourcesBuildPhase;
			buildActionMask = 2147483647;
			files = (
				140145662428A91B0006BE76 /* AppDelegate.swift in Sources */,
				1401457A2428AEDD0006BE76 /* WelcomeScreen.swift in Sources */,
				1401457C2428AF020006BE76 /* User.swift in Sources */,
				140145782428AD9B0006BE76 /* LoginScreenViewController.swift in Sources */,
			);
			runOnlyForDeploymentPostprocessing = 0;
		};
/* End PBXSourcesBuildPhase section */

/* Begin PBXVariantGroup section */
		140145692428A91B0006BE76 /* Main.storyboard */ = {
			isa = PBXVariantGroup;
			children = (
				1401456A2428A91B0006BE76 /* Base */,
			);
			name = Main.storyboard;
			sourceTree = "<group>";
		};
		1401456E2428A91D0006BE76 /* LaunchScreen.storyboard */ = {
			isa = PBXVariantGroup;
			children = (
				1401456F2428A91D0006BE76 /* Base */,
			);
			name = LaunchScreen.storyboard;
			sourceTree = "<group>";
		};
/* End PBXVariantGroup section */

/* Begin XCBuildConfiguration section */
		140145722428A91D0006BE76 /* Debug */ = {
			isa = XCBuildConfiguration;
			buildSettings = {
				ALWAYS_SEARCH_USER_PATHS = NO;
				CLANG_ANALYZER_NONNULL = YES;
				CLANG_ANALYZER_NUMBER_OBJECT_CONVERSION = YES_AGGRESSIVE;
				CLANG_CXX_LANGUAGE_STANDARD = "gnu++14";
				CLANG_CXX_LIBRARY = "libc++";
				CLANG_ENABLE_MODULES = YES;
				CLANG_ENABLE_OBJC_ARC = YES;
				CLANG_ENABLE_OBJC_WEAK = YES;
				CLANG_WARN_BLOCK_CAPTURE_AUTORELEASING = YES;
				CLANG_WARN_BOOL_CONVERSION = YES;
				CLANG_WARN_COMMA = YES;
				CLANG_WARN_CONSTANT_CONVERSION = YES;
				CLANG_WARN_DEPRECATED_OBJC_IMPLEMENTATIONS = YES;
				CLANG_WARN_DIRECT_OBJC_ISA_USAGE = YES_ERROR;
				CLANG_WARN_DOCUMENTATION_COMMENTS = YES;
				CLANG_WARN_EMPTY_BODY = YES;
				CLANG_WARN_ENUM_CONVERSION = YES;
				CLANG_WARN_INFINITE_RECURSION = YES;
				CLANG_WARN_INT_CONVERSION = YES;
				CLANG_WARN_NON_LITERAL_NULL_CONVERSION = YES;
				CLANG_WARN_OBJC_IMPLICIT_RETAIN_SELF = YES;
				CLANG_WARN_OBJC_LITERAL_CONVERSION = YES;
				CLANG_WARN_OBJC_ROOT_CLASS = YES_ERROR;
				CLANG_WARN_RANGE_LOOP_ANALYSIS = YES;
				CLANG_WARN_STRICT_PROTOTYPES = YES;
				CLANG_WARN_SUSPICIOUS_MOVE = YES;
				CLANG_WARN_UNGUARDED_AVAILABILITY = YES_AGGRESSIVE;
				CLANG_WARN_UNREACHABLE_CODE = YES;
				CLANG_WARN__DUPLICATE_METHOD_MATCH = YES;
				CODE_SIGN_IDENTITY = "iPhone Developer";
				COPY_PHASE_STRIP = NO;
				DEBUG_INFORMATION_FORMAT = dwarf;
				ENABLE_STRICT_OBJC_MSGSEND = YES;
				ENABLE_TESTABILITY = YES;
				GCC_C_LANGUAGE_STANDARD = gnu11;
				GCC_DYNAMIC_NO_PIC = NO;
				GCC_NO_COMMON_BLOCKS = YES;
				GCC_OPTIMIZATION_LEVEL = 0;
				GCC_PREPROCESSOR_DEFINITIONS = (
					"DEBUG=1",
					"$(inherited)",
				);
				GCC_WARN_64_TO_32_BIT_CONVERSION = YES;
				GCC_WARN_ABOUT_RETURN_TYPE = YES_ERROR;
				GCC_WARN_UNDECLARED_SELECTOR = YES;
				GCC_WARN_UNINITIALIZED_AUTOS = YES_AGGRESSIVE;
				GCC_WARN_UNUSED_FUNCTION = YES;
				GCC_WARN_UNUSED_VARIABLE = YES;
				IPHONEOS_DEPLOYMENT_TARGET = 12.4;
				MTL_ENABLE_DEBUG_INFO = INCLUDE_SOURCE;
				MTL_FAST_MATH = YES;
				ONLY_ACTIVE_ARCH = YES;
				SDKROOT = iphoneos;
				SWIFT_ACTIVE_COMPILATION_CONDITIONS = DEBUG;
				SWIFT_OPTIMIZATION_LEVEL = "-Onone";
			};
			name = Debug;
		};
		140145732428A91D0006BE76 /* Release */ = {
			isa = XCBuildConfiguration;
			buildSettings = {
				ALWAYS_SEARCH_USER_PATHS = NO;
				CLANG_ANALYZER_NONNULL = YES;
				CLANG_ANALYZER_NUMBER_OBJECT_CONVERSION = YES_AGGRESSIVE;
				CLANG_CXX_LANGUAGE_STANDARD = "gnu++14";
				CLANG_CXX_LIBRARY = "libc++";
				CLANG_ENABLE_MODULES = YES;
				CLANG_ENABLE_OBJC_ARC = YES;
				CLANG_ENABLE_OBJC_WEAK = YES;
				CLANG_WARN_BLOCK_CAPTURE_AUTORELEASING = YES;
				CLANG_WARN_BOOL_CONVERSION = YES;
				CLANG_WARN_COMMA = YES;
				CLANG_WARN_CONSTANT_CONVERSION = YES;
				CLANG_WARN_DEPRECATED_OBJC_IMPLEMENTATIONS = YES;
				CLANG_WARN_DIRECT_OBJC_ISA_USAGE = YES_ERROR;
				CLANG_WARN_DOCUMENTATION_COMMENTS = YES;
				CLANG_WARN_EMPTY_BODY = YES;
				CLANG_WARN_ENUM_CONVERSION = YES;
				CLANG_WARN_INFINITE_RECURSION = YES;
				CLANG_WARN_INT_CONVERSION = YES;
				CLANG_WARN_NON_LITERAL_NULL_CONVERSION = YES;
				CLANG_WARN_OBJC_IMPLICIT_RETAIN_SELF = YES;
				CLANG_WARN_OBJC_LITERAL_CONVERSION = YES;
				CLANG_WARN_OBJC_ROOT_CLASS = YES_ERROR;
				CLANG_WARN_RANGE_LOOP_ANALYSIS = YES;
				CLANG_WARN_STRICT_PROTOTYPES = YES;
				CLANG_WARN_SUSPICIOUS_MOVE = YES;
				CLANG_WARN_UNGUARDED_AVAILABILITY = YES_AGGRESSIVE;
				CLANG_WARN_UNREACHABLE_CODE = YES;
				CLANG_WARN__DUPLICATE_METHOD_MATCH = YES;
				CODE_SIGN_IDENTITY = "iPhone Developer";
				COPY_PHASE_STRIP = NO;
				DEBUG_INFORMATION_FORMAT = "dwarf-with-dsym";
				ENABLE_NS_ASSERTIONS = NO;
				ENABLE_STRICT_OBJC_MSGSEND = YES;
				GCC_C_LANGUAGE_STANDARD = gnu11;
				GCC_NO_COMMON_BLOCKS = YES;
				GCC_WARN_64_TO_32_BIT_CONVERSION = YES;
				GCC_WARN_ABOUT_RETURN_TYPE = YES_ERROR;
				GCC_WARN_UNDECLARED_SELECTOR = YES;
				GCC_WARN_UNINITIALIZED_AUTOS = YES_AGGRESSIVE;
				GCC_WARN_UNUSED_FUNCTION = YES;
				GCC_WARN_UNUSED_VARIABLE = YES;
				IPHONEOS_DEPLOYMENT_TARGET = 12.4;
				MTL_ENABLE_DEBUG_INFO = NO;
				MTL_FAST_MATH = YES;
				SDKROOT = iphoneos;
				SWIFT_COMPILATION_MODE = wholemodule;
				SWIFT_OPTIMIZATION_LEVEL = "-O";
				VALIDATE_PRODUCT = YES;
			};
			name = Release;
		};
		140145752428A91D0006BE76 /* Debug */ = {
			isa = XCBuildConfiguration;
			buildSettings = {
				ASSETCATALOG_COMPILER_APPICON_NAME = AppIcon;
				CODE_SIGN_STYLE = Automatic;
				INFOPLIST_FILE = "Segue-Sending Data/Info.plist";
				LD_RUNPATH_SEARCH_PATHS = (
					"$(inherited)",
					"@executable_path/Frameworks",
				);
				PRODUCT_BUNDLE_IDENTIFIER = "edu.asu.msse.rsingh92.assignment5.Segue-Sending-Data";
				PRODUCT_NAME = "$(TARGET_NAME)";
				SWIFT_VERSION = 5.0;
				TARGETED_DEVICE_FAMILY = "1,2";
			};
			name = Debug;
		};
		140145762428A91D0006BE76 /* Release */ = {
			isa = XCBuildConfiguration;
			buildSettings = {
				ASSETCATALOG_COMPILER_APPICON_NAME = AppIcon;
				CODE_SIGN_STYLE = Automatic;
				INFOPLIST_FILE = "Segue-Sending Data/Info.plist";
				LD_RUNPATH_SEARCH_PATHS = (
					"$(inherited)",
					"@executable_path/Frameworks",
				);
				PRODUCT_BUNDLE_IDENTIFIER = "edu.asu.msse.rsingh92.assignment5.Segue-Sending-Data";
				PRODUCT_NAME = "$(TARGET_NAME)";
				SWIFT_VERSION = 5.0;
				TARGETED_DEVICE_FAMILY = "1,2";
			};
			name = Release;
		};
/* End XCBuildConfiguration section */

/* Begin XCConfigurationList section */
		1401455D2428A91B0006BE76 /* Build configuration list for PBXProject "Segue-Sending Data" */ = {
			isa = XCConfigurationList;
			buildConfigurations = (
				140145722428A91D0006BE76 /* Debug */,
				140145732428A91D0006BE76 /* Release */,
			);
			defaultConfigurationIsVisible = 0;
			defaultConfigurationName = Release;
		};
		140145742428A91D0006BE76 /* Build configuration list for PBXNativeTarget "Segue-Sending Data" */ = {
			isa = XCConfigurationList;
			buildConfigurations = (
				140145752428A91D0006BE76 /* Debug */,
				140145762428A91D0006BE76 /* Release */,
			);
			defaultConfigurationIsVisible = 0;
			defaultConfigurationName = Release;
		};
/* End XCConfigurationList section */
	};
	rootObject = 1401455A2428A91B0006BE76 /* Project object */;
}
